
Microsoft Visual Studio Solution File, Format Version 12.00
# Visual Studio Version 17
VisualStudioVersion = 17.14.36202.13
MinimumVisualStudioVersion = 10.0.40219.1
Project("{FAE04EC0-301F-11D3-BF4B-00C04F79EFBC}") = "Auora", "Auora\Auora.csproj", "{1523216E-F55E-4872-8B07-9FD387D7818C}"
EndProject
Global
	GlobalSection(SolutionConfigurationPlatforms) = preSolution
		Debug|Any CPU = Debug|Any CPU
		Release|Any CPU = Release|Any CPU
	EndGlobalSection
	GlobalSection(ProjectConfigurationPlatforms) = postSolution
		{1523216E-F55E-4872-8B07-9FD387D7818C}.Debug|Any CPU.ActiveCfg = Debug|Any CPU
		{1523216E-F55E-4872-8B07-9FD387D7818C}.Debug|Any CPU.Build.0 = Debug|Any CPU
		{1523216E-F55E-4872-8B07-9FD387D7818C}.Release|Any CPU.ActiveCfg = Release|Any CPU
		{1523216E-F55E-4872-8B07-9FD387D7818C}.Release|Any CPU.Build.0 = Release|Any CPU
	EndGlobalSection
	GlobalSection(SolutionProperties) = preSolution
		HideSolutionNode = FALSE
	EndGlobalSection
	GlobalSection(ExtensibilityGlobals) = postSolution
		SolutionGuid = {06E4DF3B-11F0-481F-89BF-F13CC3F0F37D}
	EndGlobalSection
EndGlobal
